{
  "name": "epicshop-example",
  "lockfileVersion": 3,
  "requires": true,
  "packages": {
    "": {
      "name": "epicshop-example",
      "hasInstallScript": true,
      "license": "MIT",
      "workspaces": [
        "exercises/*/*",
        "extra/*"
      ],
      "dependencies": {
        "@epic-web/workshop-utils": "file:../packages/workshop-utils"
      },
      "devDependencies": {
        "@epic-web/config": "^3.1.0",
        "prettier": "^3.8.3",
        "typescript": "^5.9.3"
      },
      "engines": {
        "node": "20 || 22 || 24",
        "npm": ">=8.16.0"
      }
    },
    "../packages/workshop-utils": {
      "name": "@epic-web/workshop-utils",
      "version": "0.0.0-semantically-released",
      "dependencies": {
        "@epic-web/cachified": "^5.6.2",
        "@epic-web/invariant": "^1.0.0",
        "@epic-web/remember": "^1.1.0",
        "@kentcdodds/md-temp": "^10.0.1",
        "@mdx-js/mdx": "^3.1.1",
        "@playwright/test": "^1.58.2",
        "@react-router/node": "^7.13.0",
        "@sentry/react-router": "^10.38.0",
        "@testing-library/dom": "^10.4.1",
        "@testing-library/jest-dom": "^6.9.1",
        "@total-typescript/ts-reset": "^0.6.1",
        "@types/chai": "^5.2.3",
        "@types/chai-dom": "^1.11.3",
        "@vitest/expect": "^4.0.18",
        "chai": "^6.2.2",
        "chai-dom": "^1.12.1",
        "chalk": "^5.6.2",
        "chokidar": "^5.0.0",
        "close-with-grace": "^2.5.0",
        "cookie": "^1.1.1",
        "cross-spawn": "^7.0.6",
        "dayjs": "^1.11.20",
        "esbuild": "^0.27.3",
        "execa": "^9.6.1",
        "find-process": "^2.1.1",
        "fkill": "^10.0.3",
        "fs-extra": "^11.3.4",
        "globby": "^16.2.0",
        "ignore": "^7.0.5",
        "json5": "^2.2.3",
        "lru-cache": "^11.3.5",
        "lz-string": "^1.5.0",
        "md5-hex": "^5.0.0",
        "mdast-util-mdx-jsx": "^3.2.0",
        "mdx-bundler": "^10.1.1",
        "p-queue": "^9.2.0",
        "parse-git-diff": "^0.0.20",
        "pkgmgr": "^1.1.1",
        "react": "^19.2.5",
        "react-dom": "^19.2.5",
        "react-router": "^7.13.0",
        "rehype": "^13.0.2",
        "rehype-autolink-headings": "^7.1.0",
        "remark": "^15.0.1",
        "remark-emoji": "^5.0.2",
        "remark-gfm": "^4.0.1",
        "shell-quote": "^1.8.3",
        "unified": "^11.0.5",
        "unist-util-remove-position": "^5.0.0",
        "unist-util-visit": "^5.1.0",
        "zod": "^4.3.6"
      },
      "devDependencies": {
        "@types/hast": "^3.0.4",
        "@types/mdast": "^4.0.4",
        "@types/node": "^25.6.0",
        "@types/react": "^19.2.14",
        "@types/react-dom": "^19.2.3",
        "@types/shell-quote": "^1.7.5",
        "vitest": "^4.0.18",
        "zshy": "^0.7.1"
      }
    },
    "exercises/01.exercise-navigation/01.problem.first-step": {
      "name": "exercises_01.exercise-navigation_01.problem.first-step"
    },
    "exercises/01.exercise-navigation/01.solution.first-step": {
      "name": "exercises_01.exercise-navigation_01.solution.first-step"
    },
    "exercises/01.exercise-navigation/02.problem.multi-step": {
      "name": "exercises_01.exercise-navigation_02.problem.multi-step"
    },
    "exercises/01.exercise-navigation/02.solution.multi-step": {
      "name": "exercises_01.exercise-navigation_02.solution.multi-step"
    },
    "exercises/01.nested-routing/01.problem.outlet": {
      "name": "exercises.01.nested-routing.01.problem.outlet",
      "extraneous": true,
      "dependencies": {
        "@epic-web/workshop-utils": "file:../../../packages/workshop-utils",
        "@remix-run/css-bundle": "^2.9.2",
        "@remix-run/express": "^2.9.2",
        "@remix-run/node": "^2.9.2",
        "@remix-run/react": "^2.9.2",
        "address": "^2.0.3",
        "chalk": "^5.3.0",
        "chokidar": "^4.0.1",
        "close-with-grace": "^1.3.0",
        "compression": "^1.7.4",
        "cross-env": "^7.0.3",
        "dotenv": "^16.4.5",
        "express": "^4.19.2",
        "fs-extra": "^11.2.0",
        "get-port": "^7.1.0",
        "glob": "^10.3.16",
        "isbot": "^5.1.6",
        "morgan": "^1.10.0",
        "react": "^19.0.0",
        "react-dom": "^19.0.0",
        "tsx": "^4.11.0"
      },
      "devDependencies": {
        "@epic-web/config": "^1.21.0",
        "@remix-run/dev": "^2.9.2",
        "@tailwindcss/postcss": "^4.1.18",
        "@types/node": "^20.16.10",
        "@types/react": "^19.1.8",
        "@types/react-dom": "^19.1.6",
        "autoprefixer": "^10.4.19",
        "esbuild": "0.17.6",
        "eslint": "^9.3.0",
        "npm-run-all": "^4.1.5",
        "prettier": "3.2.5",
        "prettier-plugin-tailwindcss": "^0.7.2",
        "remix-flat-routes": "^0.6.5",
        "tailwindcss": "^4.1.18",
        "typescript": "^5.4.5"
      },
      "engines": {
        "node": "20 || 22 || 24"
      }
    },
    "exercises/01.nested-routing/01.solution.outlet": {
      "name": "exercises.01.nested-routing.01.solution.outlet",
      "extraneous": true,
      "dependencies": {
        "@epic-web/workshop-utils": "file:../../../packages/workshop-utils",
        "@remix-run/css-bundle": "^2.9.2",
        "@remix-run/express": "^2.9.2",
        "@remix-run/node": "^2.9.2",
        "@remix-run/react": "^2.9.2",
        "address": "^2.0.3",
        "chalk": "^5.3.0",
        "chokidar": "^4.0.1",
        "close-with-grace": "^1.3.0",
        "compression": "^1.7.4",
        "cross-env": "^7.0.3",
        "dotenv": "^16.4.5",
        "express": "^4.19.2",
        "fs-extra": "^11.2.0",
        "get-port": "^7.1.0",
        "glob": "^10.3.16",
        "isbot": "^5.1.6",
        "morgan": "^1.10.0",
        "react": "^19.0.0",
        "react-dom": "^19.0.0",
        "tsx": "^4.11.0"
      },
      "devDependencies": {
        "@epic-web/config": "^1.21.0",
        "@remix-run/dev": "^2.9.2",
        "@tailwindcss/postcss": "^4.1.18",
        "@types/node": "^20.16.10",
        "@types/react": "^19.1.8",
        "@types/react-dom": "^19.1.6",
        "autoprefixer": "^10.4.19",
        "esbuild": "0.17.6",
        "eslint": "^9.3.0",
        "npm-run-all": "^4.1.5",
        "prettier": "3.2.5",
        "prettier-plugin-tailwindcss": "^0.7.2",
        "remix-flat-routes": "^0.6.5",
        "tailwindcss": "^4.1.18",
        "typescript": "^5.4.5"
      },
      "engines": {
        "node": "20 || 22 || 24"
      }
    },
    "exercises/01.nested-routing/02.problem.outlet-context": {
      "name": "exercises.01.nested-routing.02.problem.outlet-context",
      "extraneous": true,
      "dependencies": {
        "@epic-web/workshop-utils": "file:../../../packages/workshop-utils",
        "@remix-run/css-bundle": "^2.9.2",
        "@remix-run/express": "^2.9.2",
        "@remix-run/node": "^2.9.2",
        "@remix-run/react": "^2.9.2",
        "address": "^2.0.3",
        "chalk": "^5.3.0",
        "chokidar": "^4.0.1",
        "close-with-grace": "^1.3.0",
        "compression": "^1.7.4",
        "cross-env": "^7.0.3",
        "dotenv": "^16.4.5",
        "express": "^4.19.2",
        "fs-extra": "^11.2.0",
        "get-port": "^7.1.0",
        "glob": "^10.3.16",
        "isbot": "^5.1.6",
        "morgan": "^1.10.0",
        "react": "^19.0.0",
        "react-dom": "^19.0.0",
        "tsx": "^4.11.0"
      },
      "devDependencies": {
        "@epic-web/config": "^1.21.0",
        "@remix-run/dev": "^2.9.2",
        "@tailwindcss/postcss": "^4.1.18",
        "@types/node": "^20.16.10",
        "@types/react": "^19.1.8",
        "@types/react-dom": "^19.1.6",
        "autoprefixer": "^10.4.19",
        "esbuild": "0.17.6",
        "eslint": "^9.3.0",
        "npm-run-all": "^4.1.5",
        "prettier": "3.2.5",
        "prettier-plugin-tailwindcss": "^0.7.2",
        "remix-flat-routes": "^0.6.5",
        "tailwindcss": "^4.1.18",
        "typescript": "^5.4.5"
      },
      "engines": {
        "node": "20 || 22 || 24"
      }
    },
    "exercises/01.nested-routing/02.solution.outlet-context": {
      "name": "exercises.01.nested-routing.02.solution.outlet-context",
      "extraneous": true,
      "dependencies": {
        "@epic-web/workshop-utils": "file:../../../packages/workshop-utils",
        "@remix-run/css-bundle": "^2.9.2",
        "@remix-run/express": "^2.9.2",
        "@remix-run/node": "^2.9.2",
        "@remix-run/react": "^2.9.2",
        "address": "^2.0.3",
        "chalk": "^5.3.0",
        "chokidar": "^4.0.1",
        "close-with-grace": "^1.3.0",
        "compression": "^1.7.4",
        "cross-env": "^7.0.3",
        "dotenv": "^16.4.5",
        "express": "^4.19.2",
        "fs-extra": "^11.2.0",
        "get-port": "^7.1.0",
        "glob": "^10.3.16",
        "isbot": "^5.1.6",
        "morgan": "^1.10.0",
        "react": "^19.0.0",
        "react-dom": "^19.0.0",
        "tsx": "^4.11.0"
      },
      "devDependencies": {
        "@epic-web/config": "^1.21.0",
        "@remix-run/dev": "^2.9.2",
        "@tailwindcss/postcss": "^4.1.18",
        "@types/node": "^20.16.10",
        "@types/react": "^19.1.8",
        "@types/react-dom": "^19.1.6",
        "autoprefixer": "^10.4.19",
        "esbuild": "0.17.6",
        "eslint": "^9.3.0",
        "npm-run-all": "^4.1.5",
        "prettier": "3.2.5",
        "prettier-plugin-tailwindcss": "^0.7.2",
        "remix-flat-routes": "^0.6.5",
        "tailwindcss": "^4.1.18",
        "typescript": "^5.4.5"
      },
      "engines": {
        "node": "20 || 22 || 24"
      }
    },
    "exercises/01.nested-routing/03.problem.lonely-problem": {
      "name": "exercises.01.nested-routing.03.problem.lonely-problem",
      "extraneous": true,
      "dependencies": {
        "@epic-web/workshop-utils": "file:../../../packages/workshop-utils",
        "@remix-run/css-bundle": "^2.9.2",
        "@remix-run/express": "^2.9.2",
        "@remix-run/node": "^2.9.2",
        "@remix-run/react": "^2.9.2",
        "address": "^2.0.3",
        "chalk": "^5.3.0",
        "chokidar": "^4.0.1",
        "close-with-grace": "^1.3.0",
        "compression": "^1.7.4",
        "cross-env": "^7.0.3",
        "dotenv": "^16.4.5",
        "express": "^4.19.2",
        "fs-extra": "^11.2.0",
        "get-port": "^7.1.0",
        "glob": "^10.3.16",
        "isbot": "^5.1.6",
        "morgan": "^1.10.0",
        "react": "^19.0.0",
        "react-dom": "^19.0.0",
        "tsx": "^4.11.0"
      },
      "devDependencies": {
        "@epic-web/config": "^1.21.0",
        "@remix-run/dev": "^2.9.2",
        "@tailwindcss/postcss": "^4.1.18",
        "@types/node": "^20.16.10",
        "@types/react": "^19.1.8",
        "@types/react-dom": "^19.1.6",
        "autoprefixer": "^10.4.19",
        "esbuild": "0.17.6",
        "eslint": "^9.3.0",
        "npm-run-all": "^4.1.5",
        "prettier": "3.2.5",
        "prettier-plugin-tailwindcss": "^0.7.2",
        "remix-flat-routes": "^0.6.5",
        "tailwindcss": "^4.1.18",
        "typescript": "^5.4.5"
      },
      "engines": {
        "node": "20 || 22 || 24"
      }
    },
    "exercises/01.nested-routing/04.solution.lonely-solution": {
      "name": "exercises.01.nested-routing.04.solution.lonely-solution",
      "extraneous": true,
      "dependencies": {
        "@epic-web/workshop-utils": "file:../../../packages/workshop-utils",
        "@remix-run/css-bundle": "^2.9.2",
        "@remix-run/express": "^2.9.2",
        "@remix-run/node": "^2.9.2",
        "@remix-run/react": "^2.9.2",
        "address": "^2.0.3",
        "chalk": "^5.3.0",
        "chokidar": "^4.0.1",
        "close-with-grace": "^1.3.0",
        "compression": "^1.7.4",
        "cross-env": "^7.0.3",
        "dotenv": "^16.4.5",
        "express": "^4.19.2",
        "fs-extra": "^11.2.0",
        "get-port": "^7.1.0",
        "glob": "^10.3.16",
        "isbot": "^5.1.6",
        "morgan": "^1.10.0",
        "react": "^19.0.0",
        "react-dom": "^19.0.0",
        "tsx": "^4.11.0"
      },
      "devDependencies": {
        "@epic-web/config": "^1.21.0",
        "@remix-run/dev": "^2.9.2",
        "@tailwindcss/postcss": "^4.1.18",
        "@types/node": "^20.16.10",
        "@types/react": "^19.1.8",
        "@types/react-dom": "^19.1.6",
        "autoprefixer": "^10.4.19",
        "esbuild": "0.17.6",
        "eslint": "^9.3.0",
        "npm-run-all": "^4.1.5",
        "prettier": "3.2.5",
        "prettier-plugin-tailwindcss": "^0.7.2",
        "remix-flat-routes": "^0.6.5",
        "tailwindcss": "^4.1.18",
        "typescript": "^5.4.5"
      },
      "engines": {
        "node": "20 || 22 || 24"
      }
    },
    "exercises/02.app-varieties/01.problem.no-preview": {
      "name": "exercises_02.app-varieties_01.problem.no-preview"
    },
    "exercises/02.app-varieties/01.solution.no-preview": {
      "name": "exercises_02.app-varieties_01.solution.no-preview"
    },
    "exercises/02.styling/01.problem.links": {
      "name": "exercises.02.styling.01.problem.links",
      "extraneous": true,
      "dependencies": {
        "@epic-web/workshop-utils": "file:../../../packages/workshop-utils",
        "@remix-run/css-bundle": "^2.9.2",
        "@remix-run/express": "^2.9.2",
        "@remix-run/node": "^2.9.2",
        "@remix-run/react": "^2.9.2",
        "address": "^2.0.3",
        "chalk": "^5.3.0",
        "chokidar": "^4.0.1",
        "close-with-grace": "^1.3.0",
        "compression": "^1.7.4",
        "cross-env": "^7.0.3",
        "dotenv": "^16.4.5",
        "express": "^4.19.2",
        "fs-extra": "^11.2.0",
        "get-port": "^7.1.0",
        "glob": "^10.3.16",
        "isbot": "^5.1.6",
        "morgan": "^1.10.0",
        "react": "^19.0.0",
        "react-dom": "^19.0.0",
        "tsx": "^4.11.0"
      },
      "devDependencies": {
        "@epic-web/config": "^1.21.0",
        "@remix-run/dev": "^2.9.2",
        "@tailwindcss/postcss": "^4.1.18",
        "@types/node": "^20.16.10",
        "@types/react": "^19.1.8",
        "@types/react-dom": "^19.1.6",
        "autoprefixer": "^10.4.19",
        "esbuild": "0.17.6",
        "eslint": "^9.3.0",
        "npm-run-all": "^4.1.5",
        "prettier": "3.2.5",
        "prettier-plugin-tailwindcss": "^0.7.2",
        "remix-flat-routes": "^0.6.5",
        "tailwindcss": "^4.1.18",
        "typescript": "^5.4.5"
      },
      "engines": {
        "node": "20 || 22 || 24"
      }
    },
    "exercises/02.styling/01.solution.links": {
      "name": "exercises.02.styling.01.solution.links",
      "extraneous": true,
      "dependencies": {
        "@epic-web/workshop-utils": "file:../../../packages/workshop-utils",
        "@remix-run/css-bundle": "^2.9.2",
        "@remix-run/express": "^2.9.2",
        "@remix-run/node": "^2.9.2",
        "@remix-run/react": "^2.9.2",
        "address": "^2.0.3",
        "chalk": "^5.3.0",
        "chokidar": "^4.0.1",
        "close-with-grace": "^1.3.0",
        "compression": "^1.7.4",
        "cross-env": "^7.0.3",
        "dotenv": "^16.4.5",
        "express": "^4.19.2",
        "fs-extra": "^11.2.0",
        "get-port": "^7.1.0",
        "glob": "^10.3.16",
        "isbot": "^5.1.6",
        "morgan": "^1.10.0",
        "react": "^19.0.0",
        "react-dom": "^19.0.0",
        "tsx": "^4.11.0"
      },
      "devDependencies": {
        "@epic-web/config": "^1.21.0",
        "@remix-run/dev": "^2.9.2",
        "@tailwindcss/postcss": "^4.1.18",
        "@types/node": "^20.16.10",
        "@types/react": "^19.1.8",
        "@types/react-dom": "^19.1.6",
        "autoprefixer": "^10.4.19",
        "esbuild": "0.17.6",
        "eslint": "^9.3.0",
        "npm-run-all": "^4.1.5",
        "prettier": "3.2.5",
        "prettier-plugin-tailwindcss": "^0.7.2",
        "remix-flat-routes": "^0.6.5",
        "tailwindcss": "^4.1.18",
        "typescript": "^5.4.5"
      },
      "engines": {
        "node": "20 || 22 || 24"
      }
    },
    "exercises/02.styling/02.problem.css-modules": {
      "name": "exercises.02.styling.02.problem.css-modules",
      "extraneous": true,
      "dependencies": {
        "@epic-web/workshop-utils": "file:../../../packages/workshop-utils",
        "@remix-run/css-bundle": "^2.9.2",
        "@remix-run/express": "^2.9.2",
        "@remix-run/node": "^2.9.2",
        "@remix-run/react": "^2.9.2",
        "address": "^2.0.3",
        "chalk": "^5.3.0",
        "chokidar": "^4.0.1",
        "close-with-grace": "^1.3.0",
        "compression": "^1.7.4",
        "cross-env": "^7.0.3",
        "dotenv": "^16.4.5",
        "express": "^4.19.2",
        "fs-extra": "^11.2.0",
        "get-port": "^7.1.0",
        "glob": "^10.3.16",
        "isbot": "^5.1.6",
        "morgan": "^1.10.0",
        "react": "^19.0.0",
        "react-dom": "^19.0.0",
        "tsx": "^4.11.0"
      },
      "devDependencies": {
        "@epic-web/config": "^1.21.0",
        "@remix-run/dev": "^2.9.2",
        "@tailwindcss/postcss": "^4.1.18",
        "@types/node": "^20.16.10",
        "@types/react": "^19.1.8",
        "@types/react-dom": "^19.1.6",
        "autoprefixer": "^10.4.19",
        "esbuild": "0.17.6",
        "eslint": "^9.3.0",
        "npm-run-all": "^4.1.5",
        "prettier": "3.2.5",
        "prettier-plugin-tailwindcss": "^0.7.2",
        "remix-flat-routes": "^0.6.5",
        "tailwindcss": "^4.1.18",
        "typescript": "^5.4.5"
      },
      "engines": {
        "node": "20 || 22 || 24"
      }
    },
    "exercises/02.styling/02.solution.css-modules": {
      "name": "exercises.02.styling.02.solution.css-modules",
      "extraneous": true,
      "dependencies": {
        "@epic-web/workshop-utils": "file:../../../packages/workshop-utils",
        "@remix-run/css-bundle": "^2.9.2",
        "@remix-run/express": "^2.9.2",
        "@remix-run/node": "^2.9.2",
        "@remix-run/react": "^2.9.2",
        "address": "^2.0.3",
        "chalk": "^5.3.0",
        "chokidar": "^4.0.1",
        "close-with-grace": "^1.3.0",
        "compression": "^1.7.4",
        "cross-env": "^7.0.3",
        "dotenv": "^16.4.5",
        "express": "^4.19.2",
        "fs-extra": "^11.2.0",
        "get-port": "^7.1.0",
        "glob": "^10.3.16",
        "isbot": "^5.1.6",
        "morgan": "^1.10.0",
        "react": "^19.0.0",
        "react-dom": "^19.0.0",
        "tsx": "^4.11.0"
      },
      "devDependencies": {
        "@epic-web/config": "^1.21.0",
        "@remix-run/dev": "^2.9.2",
        "@tailwindcss/postcss": "^4.1.18",
        "@types/node": "^20.16.10",
        "@types/react": "^19.1.8",
        "@types/react-dom": "^19.1.6",
        "autoprefixer": "^10.4.19",
        "esbuild": "0.17.6",
        "eslint": "^9.3.0",
        "npm-run-all": "^4.1.5",
        "prettier": "3.2.5",
        "prettier-plugin-tailwindcss": "^0.7.2",
        "remix-flat-routes": "^0.6.5",
        "tailwindcss": "^4.1.18",
        "typescript": "^5.4.5"
      },
      "engines": {
        "node": "20 || 22 || 24"
      }
    },
    "exercises/02.styling/03.problem.tailwind": {
      "name": "exercises.02.styling.03.problem.tailwind",
      "extraneous": true,
      "dependencies": {
        "@epic-web/workshop-utils": "file:../../../packages/workshop-utils",
        "@remix-run/css-bundle": "^2.9.2",
        "@remix-run/express": "^2.9.2",
        "@remix-run/node": "^2.9.2",
        "@remix-run/react": "^2.9.2",
        "address": "^2.0.3",
        "chalk": "^5.3.0",
        "chokidar": "^4.0.1",
        "close-with-grace": "^1.3.0",
        "compression": "^1.7.4",
        "cross-env": "^7.0.3",
        "dotenv": "^16.4.5",
        "express": "^4.19.2",
        "fs-extra": "^11.2.0",
        "get-port": "^7.1.0",
        "glob": "^10.3.16",
        "isbot": "^5.1.6",
        "morgan": "^1.10.0",
        "react": "^19.0.0",
        "react-dom": "^19.0.0",
        "tsx": "^4.11.0"
      },
      "devDependencies": {
        "@epic-web/config": "^1.21.0",
        "@remix-run/dev": "^2.9.2",
        "@tailwindcss/postcss": "^4.1.18",
        "@types/node": "^20.16.10",
        "@types/react": "^19.1.8",
        "@types/react-dom": "^19.1.6",
        "autoprefixer": "^10.4.19",
        "esbuild": "0.17.6",
        "eslint": "^9.3.0",
        "npm-run-all": "^4.1.5",
        "prettier": "3.2.5",
        "prettier-plugin-tailwindcss": "^0.7.2",
        "remix-flat-routes": "^0.6.5",
        "tailwindcss": "^4.1.18",
        "typescript": "^5.4.5"
      },
      "engines": {
        "node": "20 || 22 || 24"
      }
    },
    "exercises/02.styling/03.solution.tailwind": {
      "name": "exercises.02.styling.03.solution.tailwind",
      "extraneous": true,
      "dependencies": {
        "@epic-web/workshop-utils": "file:../../../packages/workshop-utils",
        "@remix-run/css-bundle": "^2.9.2",
        "@remix-run/express": "^2.9.2",
        "@remix-run/node": "^2.9.2",
        "@remix-run/react": "^2.9.2",
        "address": "^2.0.3",
        "chalk": "^5.3.0",
        "chokidar": "^4.0.1",
        "close-with-grace": "^1.3.0",
        "compression": "^1.7.4",
        "cross-env": "^7.0.3",
        "dotenv": "^16.4.5",
        "express": "^4.19.2",
        "fs-extra": "^11.2.0",
        "get-port": "^7.1.0",
        "glob": "^10.3.16",
        "isbot": "^5.1.6",
        "morgan": "^1.10.0",
        "react": "^19.0.0",
        "react-dom": "^19.0.0",
        "tsx": "^4.11.0"
      },
      "devDependencies": {
        "@epic-web/config": "^1.21.0",
        "@remix-run/dev": "^2.9.2",
        "@tailwindcss/postcss": "^4.1.18",
        "@types/node": "^20.16.10",
        "@types/react": "^19.1.8",
        "@types/react-dom": "^19.1.6",
        "autoprefixer": "^10.4.19",
        "esbuild": "0.17.6",
        "eslint": "^9.3.0",
        "npm-run-all": "^4.1.5",
        "prettier": "3.2.5",
        "prettier-plugin-tailwindcss": "^0.7.2",
        "remix-flat-routes": "^0.6.5",
        "tailwindcss": "^4.1.18",
        "typescript": "^5.4.5"
      },
      "engines": {
        "node": "20 || 22 || 24"
      }
    },
    "exercises/03.export-app/01.problem.export": {
      "name": "03.01.problem.export"
    },
    "exercises/03.export-app/01.solution.export": {
      "name": "03.01.solution.export"
    },
    "extra/non-app": {
      "name": "non-dev-example"
    },
    "node_modules/@epic-web/config": {
      "version": "3.1.0",
      "resolved": "https://registry.npmjs.org/@epic-web/config/-/config-3.1.0.tgz",
      "integrity": "sha512-h3WKprxIjJmaHKv0lwWnTTdWcmbns4rYekA0R+CeTYBHswpx6pq1ggyqijBr5jO+Ocy5TCT4b+9L9Ga5hvqNIw==",
      "dev": true,
      "license": "MIT",
      "dependencies": {
        "@oxlint/plugins": "^1.60.0",
        "@total-typescript/ts-reset": "^0.6.1",
        "tslib": "^2.8.1"
      },
      "peerDependencies": {
        "oxfmt": ">=0.45.0 <1"
      }
    },
    "node_modules/@epic-web/workshop-utils": {
      "resolved": "../packages/workshop-utils",
      "link": true
    },
    "node_modules/@oxlint/plugins": {
      "version": "1.62.0",
      "resolved": "https://registry.npmjs.org/@oxlint/plugins/-/plugins-1.62.0.tgz",
      "integrity": "sha512-BgKRw631mImmxuGuRoWaRT8AvNSJCfJvR7lDzP1jR3sBAa7q8P/Ii+lcEOEFZsfcfpkXLyUKGEQLYXWqb60wvw==",
      "dev": true,
      "license": "MIT",
      "engines": {
        "node": "^12.22.0 || ^14.17.0 || >=16.0.0"
      },
      "funding": {
        "url": "https://github.com/sponsors/Boshen"
      }
    },
    "node_modules/@total-typescript/ts-reset": {
      "version": "0.6.1",
      "resolved": "https://registry.npmjs.org/@total-typescript/ts-reset/-/ts-reset-0.6.1.tgz",
      "integrity": "sha512-cka47fVSo6lfQDIATYqb/vO1nvFfbPw7uWLayIXIhGETj0wcOOlrlkobOMDNQOFr9QOafegUPq13V2+6vtD7yg==",
      "dev": true,
      "license": "MIT"
    },
    "node_modules/03.01.problem.export": {
      "resolved": "exercises/03.export-app/01.problem.export",
      "link": true
    },
    "node_modules/03.01.solution.export": {
      "resolved": "exercises/03.export-app/01.solution.export",
      "link": true
    },
    "node_modules/exercises_01.exercise-navigation_01.problem.first-step": {
      "resolved": "exercises/01.exercise-navigation/01.problem.first-step",
      "link": true
    },
    "node_modules/exercises_01.exercise-navigation_01.solution.first-step": {
      "resolved": "exercises/01.exercise-navigation/01.solution.first-step",
      "link": true
    },
    "node_modules/exercises_01.exercise-navigation_02.problem.multi-step": {
      "resolved": "exercises/01.exercise-navigation/02.problem.multi-step",
      "link": true
    },
    "node_modules/exercises_01.exercise-navigation_02.solution.multi-step": {
      "resolved": "exercises/01.exercise-navigation/02.solution.multi-step",
      "link": true
    },
    "node_modules/exercises_02.app-varieties_01.problem.no-preview": {
      "resolved": "exercises/02.app-varieties/01.problem.no-preview",
      "link": true
    },
    "node_modules/exercises_02.app-varieties_01.solution.no-preview": {
      "resolved": "exercises/02.app-varieties/01.solution.no-preview",
      "link": true
    },
    "node_modules/non-dev-example": {
      "resolved": "extra/non-app",
      "link": true
    },
    "node_modules/prettier": {
      "version": "3.8.3",
      "resolved": "https://registry.npmjs.org/prettier/-/prettier-3.8.3.tgz",
      "integrity": "sha512-7igPTM53cGHMW8xWuVTydi2KO233VFiTNyF5hLJqpilHfmn8C8gPf+PS7dUT64YcXFbiMGZxS9pCSxL/Dxm/Jw==",
      "dev": true,
      "license": "MIT",
      "bin": {
        "prettier": "bin/prettier.cjs"
      },
      "engines": {
        "node": ">=14"
      },
      "funding": {
        "url": "https://github.com/prettier/prettier?sponsor=1"
      }
    },
    "node_modules/tslib": {
      "version": "2.8.1",
      "resolved": "https://registry.npmjs.org/tslib/-/tslib-2.8.1.tgz",
      "integrity": "sha512-oJFu94HQb+KVduSUQL7wnpmqnfmLsOA/nAh6b6EH0wCEoK0/mPeXU6c3wKDV83MkOuHPRHtSXKKU99IBazS/2w==",
      "dev": true,
      "license": "0BSD"
    },
    "node_modules/typescript": {
      "version": "5.9.3",
      "resolved": "https://registry.npmjs.org/typescript/-/typescript-5.9.3.tgz",
      "integrity": "sha512-jl1vZzPDinLr9eUt3J/t7V6FgNEw9QjvBPdysz9KfQDD41fQrC2Y4vKQdiaUpFT4bXlb1RHhLpp8wtm6M5TgSw==",
      "dev": true,
      "license": "Apache-2.0",
      "bin": {
        "tsc": "bin/tsc",
        "tsserver": "bin/tsserver"
      },
      "engines": {
        "node": ">=14.17"
      }
    },
    "packages/workshop-utils": {
      "extraneous": true
    }
  }
}
