{
  "name": "epicshop",
  "lockfileVersion": 3,
  "requires": true,
  "packages": {
    "": {
      "dependencies": {
        "@epic-web/workshop-app": "file:../../packages/workshop-app",
        "@epic-web/workshop-utils": "file:../../packages/workshop-utils",
        "chokidar": "^5.0.0",
        "enquirer": "^2.4.1",
        "epicshop": "file:../../packages/workshop-cli",
        "execa": "^9.6.1",
        "fs-extra": "^11.3.3",
        "match-sorter": "^8.2.0",
        "p-limit": "^7.2.0"
      }
    },
    "../../packages/workshop-app": {
      "name": "@epic-web/workshop-app",
      "version": "0.0.0-semantically-released",
      "dependencies": {
        "@conform-to/react": "^1.15.1",
        "@conform-to/zod": "^1.15.1",
        "@epic-web/cachified": "^5.6.0",
        "@epic-web/client-hints": "^1.3.8",
        "@epic-web/invariant": "^1.0.0",
        "@epic-web/remember": "^1.1.0",
        "@epic-web/restore-scroll": "^2.0.0",
        "@epic-web/workshop-presence": "file:../workshop-presence",
        "@epic-web/workshop-utils": "file:../workshop-utils",
        "@mdx-js/mdx": "^3.1.1",
        "@mux/mux-player-react": "^3.10.2",
        "@nasa-gcn/remix-seo": "^2.0.1",
        "@radix-ui/react-accordion": "^1.2.12",
        "@radix-ui/react-dialog": "^1.1.15",
        "@radix-ui/react-popover": "^1.1.15",
        "@radix-ui/react-select": "^2.2.6",
        "@radix-ui/react-tabs": "^1.1.13",
        "@radix-ui/react-toast": "^1.2.15",
        "@radix-ui/react-tooltip": "^1.2.8",
        "@react-router/express": "^7.12.0",
        "@react-router/node": "^7.12.0",
        "@react-router/remix-routes-option-adapter": "^7.12.0",
        "@resvg/resvg-js": "^2.6.2",
        "@sentry/profiling-node": "^10.36.0",
        "@sentry/react-router": "^10.36.0",
        "@sentry/vite-plugin": "^4.7.0",
        "@sindresorhus/slugify": "^3.0.0",
        "address": "^2.0.3",
        "ansi-to-html": "^0.7.2",
        "chalk": "^5.6.2",
        "chokidar": "^5.0.0",
        "close-with-grace": "^2.4.0",
        "clsx": "^2.1.1",
        "compression": "^1.8.1",
        "confetti-react": "^2.6.0",
        "cookie": "^1.1.1",
        "cross-env": "^10.1.0",
        "cross-spawn": "^7.0.6",
        "dotenv": "^17.2.3",
        "esbuild": "^0.27.2",
        "etag": "^1.8.1",
        "execa": "^9.6.1",
        "express": "^5.2.1",
        "fkill": "^10.0.3",
        "framer-motion": "^12.28.1",
        "fs-extra": "^11.3.3",
        "get-port": "^7.1.0",
        "glob": "^13.0.0",
        "isbot": "^5.1.33",
        "lru-cache": "^11.2.4",
        "md5-hex": "^5.0.0",
        "mdx-bundler": "^10.1.1",
        "media-chrome": "^4.17.2",
        "mermaid": "^11.12.2",
        "mime-types": "^3.0.2",
        "morgan": "^1.10.1",
        "msw": "^2.12.7",
        "open": "^11.0.0",
        "openid-client": "^6.8.1",
        "p-queue": "^9.1.0",
        "partysocket": "^1.1.10",
        "react": "^19.2.3",
        "react-dom": "^19.2.3",
        "react-error-boundary": "^6.1.0",
        "react-router": "^7.12.0",
        "remix-flat-routes": "^0.8.5",
        "remix-utils": "^9.0.0",
        "satori": "^0.19.1",
        "semver": "^7.7.3",
        "sonner": "^2.0.7",
        "source-map-support": "^0.5.21",
        "spin-delay": "^2.0.1",
        "tailwind-merge": "^3.4.0",
        "vite-env-only": "^3.0.3",
        "ws": "^8.19.0",
        "zod": "^4.3.5"
      },
      "devDependencies": {
        "@playwright/test": "^1.57.0",
        "@react-router/dev": "^7.12.0",
        "@tailwindcss/typography": "^0.5.19",
        "@tailwindcss/vite": "^4.1.18",
        "@testing-library/dom": "^10.4.1",
        "@total-typescript/ts-reset": "^0.6.1",
        "@types/compression": "^1.8.1",
        "@types/cross-spawn": "^6.0.6",
        "@types/etag": "^1.8.4",
        "@types/express": "^5.0.6",
        "@types/fs-extra": "^11.0.4",
        "@types/hast": "^3.0.4",
        "@types/lodash.escape": "^4.0.9",
        "@types/mdast": "^4.0.4",
        "@types/mime-types": "^3.0.1",
        "@types/morgan": "^1.9.10",
        "@types/node": "^25.0.9",
        "@types/react": "^19.2.9",
        "@types/react-dom": "^19.2.3",
        "@types/source-map-support": "^0.5.10",
        "@types/wait-on": "^5.3.4",
        "@types/ws": "^8.18.1",
        "@vitest/browser-playwright": "^4.0.17",
        "autoprefixer": "^10.4.23",
        "eslint": "^9.39.2",
        "mdast-util-mdx-jsx": "^3.2.0",
        "npm-run-all": "^4.1.5",
        "prettier": "^3.8.1",
        "prettier-plugin-tailwindcss": "^0.7.2",
        "tailwind-scrollbar": "^4.0.2",
        "tailwindcss": "^4.1.18",
        "tailwindcss-radix": "^4.0.2",
        "tailwindcss-safe-area": "^1.3.0",
        "tsx": "^4.21.0",
        "tw-animate-css": "^1.4.0",
        "typescript": "^5.9.3",
        "vite": "7.3.1",
        "vite-plugin-devtools-json": "^1.0.0",
        "vitest-browser-react": "^2.0.2"
      },
      "engines": {
        "node": "20 || 22 || 24"
      }
    },
    "../../packages/workshop-cli": {
      "name": "epicshop",
      "version": "0.0.0-semantically-released",
      "dependencies": {
        "@epic-web/workshop-utils": "file:../workshop-utils",
        "@inquirer/prompts": "^8.2.0",
        "@sentry/node": "^10.36.0",
        "chalk": "^5.6.2",
        "close-with-grace": "^2.4.0",
        "execa": "^9.6.1",
        "get-port": "^7.1.0",
        "match-sorter": "^8.2.0",
        "open": "^11.0.0",
        "openid-client": "^6.8.1",
        "ora": "^9.1.0",
        "yargs": "^18.0.0"
      },
      "bin": {
        "epicshop": "cli.js"
      },
      "devDependencies": {
        "@epic-web/config": "^1.21.3",
        "@types/node": "^25.0.9",
        "@types/yargs": "^17.0.35",
        "vitest": "^4.0.17",
        "zshy": "^0.7.0"
      }
    },
    "../../packages/workshop-utils": {
      "name": "@epic-web/workshop-utils",
      "version": "0.0.0-semantically-released",
      "dependencies": {
        "@epic-web/cachified": "^5.6.0",
        "@epic-web/invariant": "^1.0.0",
        "@epic-web/remember": "^1.1.0",
        "@kentcdodds/md-temp": "^10.0.1",
        "@mdx-js/mdx": "^3.1.1",
        "@playwright/test": "^1.57.0",
        "@react-router/node": "^7.12.0",
        "@sentry/react-router": "^10.36.0",
        "@testing-library/dom": "^10.4.1",
        "@testing-library/jest-dom": "^6.9.1",
        "@total-typescript/ts-reset": "^0.6.1",
        "@types/chai": "^5.2.3",
        "@types/chai-dom": "^1.11.3",
        "@vitest/expect": "^4.0.17",
        "chai": "^6.2.2",
        "chai-dom": "^1.12.1",
        "chalk": "^5.6.2",
        "chokidar": "^5.0.0",
        "close-with-grace": "^2.4.0",
        "cookie": "^1.1.1",
        "cross-spawn": "^7.0.6",
        "dayjs": "^1.11.19",
        "esbuild": "^0.27.2",
        "execa": "^9.6.1",
        "find-process": "^2.0.0",
        "fkill": "^10.0.3",
        "fs-extra": "^11.3.3",
        "globby": "^16.1.0",
        "ignore": "^7.0.5",
        "json5": "^2.2.3",
        "lru-cache": "^11.2.4",
        "lz-string": "^1.5.0",
        "md5-hex": "^5.0.0",
        "mdast-util-mdx-jsx": "^3.2.0",
        "mdx-bundler": "^10.1.1",
        "p-queue": "^9.1.0",
        "parse-git-diff": "^0.0.19",
        "pkgmgr": "^1.1.1",
        "react": "^19.2.3",
        "react-dom": "^19.2.3",
        "react-router": "^7.12.0",
        "rehype": "^13.0.2",
        "rehype-autolink-headings": "^7.1.0",
        "remark": "^15.0.1",
        "remark-emoji": "^5.0.2",
        "remark-gfm": "^4.0.1",
        "shell-quote": "^1.8.3",
        "shiki": "^3.21.0",
        "unified": "^11.0.5",
        "unist-util-remove-position": "^5.0.0",
        "unist-util-visit": "^5.0.0",
        "zod": "^4.3.5"
      },
      "devDependencies": {
        "@types/hast": "^3.0.4",
        "@types/mdast": "^4.0.4",
        "@types/node": "^25.0.9",
        "@types/react": "^19.2.9",
        "@types/react-dom": "^19.2.3",
        "@types/shell-quote": "^1.7.5",
        "vitest": "^4.0.17",
        "zshy": "^0.7.0"
      }
    },
    "node_modules/@babel/runtime": {
      "version": "7.28.4",
      "resolved": "https://registry.npmjs.org/@babel/runtime/-/runtime-7.28.4.tgz",
      "integrity": "sha512-Q/N6JNWvIvPnLDvjlE1OUBLPQHH6l3CltCEsHIujp45zQUSSh8K+gHnaEX45yAT1nyngnINhvWtzN+Nb9D8RAQ==",
      "license": "MIT",
      "engines": {
        "node": ">=6.9.0"
      }
    },
    "node_modules/@epic-web/workshop-app": {
      "resolved": "../../packages/workshop-app",
      "link": true
    },
    "node_modules/@epic-web/workshop-utils": {
      "resolved": "../../packages/workshop-utils",
      "link": true
    },
    "node_modules/@sec-ant/readable-stream": {
      "version": "0.4.1",
      "resolved": "https://registry.npmjs.org/@sec-ant/readable-stream/-/readable-stream-0.4.1.tgz",
      "integrity": "sha512-831qok9r2t8AlxLko40y2ebgSDhenenCatLVeW/uBtnHPyhHOvG0C7TvfgecV+wHzIm5KUICgzmVpWS+IMEAeg==",
      "license": "MIT"
    },
    "node_modules/@sindresorhus/merge-streams": {
      "version": "4.0.0",
      "resolved": "https://registry.npmjs.org/@sindresorhus/merge-streams/-/merge-streams-4.0.0.tgz",
      "integrity": "sha512-tlqY9xq5ukxTUZBmoOp+m61cqwQD5pHJtFY3Mn8CA8ps6yghLH/Hw8UPdqg4OLmFW3IFlcXnQNmo/dh8HzXYIQ==",
      "license": "MIT",
      "engines": {
        "node": ">=18"
      },
      "funding": {
        "url": "https://github.com/sponsors/sindresorhus"
      }
    },
    "node_modules/ansi-colors": {
      "version": "4.1.3",
      "resolved": "https://registry.npmjs.org/ansi-colors/-/ansi-colors-4.1.3.tgz",
      "integrity": "sha512-/6w/C21Pm1A7aZitlI5Ni/2J6FFQN8i1Cvz3kHABAAbw93v/NlvKdVOqz7CCWz/3iv/JplRSEEZ83XION15ovw==",
      "license": "MIT",
      "engines": {
        "node": ">=6"
      }
    },
    "node_modules/ansi-regex": {
      "version": "5.0.1",
      "resolved": "https://registry.npmjs.org/ansi-regex/-/ansi-regex-5.0.1.tgz",
      "integrity": "sha512-quJQXlTSUGL2LH9SUXo8VwsY4soanhgo6LNSm84E1LBcE8s3O0wpdiRzyR9z/ZZJMlMWv37qOOb9pdJlMUEKFQ==",
      "license": "MIT",
      "engines": {
        "node": ">=8"
      }
    },
    "node_modules/chokidar": {
      "version": "5.0.0",
      "resolved": "https://registry.npmjs.org/chokidar/-/chokidar-5.0.0.tgz",
      "integrity": "sha512-TQMmc3w+5AxjpL8iIiwebF73dRDF4fBIieAqGn9RGCWaEVwQ6Fb2cGe31Yns0RRIzii5goJ1Y7xbMwo1TxMplw==",
      "license": "MIT",
      "dependencies": {
        "readdirp": "^5.0.0"
      },
      "engines": {
        "node": ">= 20.19.0"
      },
      "funding": {
        "url": "https://paulmillr.com/funding/"
      }
    },
    "node_modules/cross-spawn": {
      "version": "7.0.6",
      "resolved": "https://registry.npmjs.org/cross-spawn/-/cross-spawn-7.0.6.tgz",
      "integrity": "sha512-uV2QOWP2nWzsy2aMp8aRibhi9dlzF5Hgh5SHaB9OiTGEyDTiJJyx0uy51QXdyWbtAHNua4XJzUKca3OzKUd3vA==",
      "license": "MIT",
      "dependencies": {
        "path-key": "^3.1.0",
        "shebang-command": "^2.0.0",
        "which": "^2.0.1"
      },
      "engines": {
        "node": ">= 8"
      }
    },
    "node_modules/enquirer": {
      "version": "2.4.1",
      "resolved": "https://registry.npmjs.org/enquirer/-/enquirer-2.4.1.tgz",
      "integrity": "sha512-rRqJg/6gd538VHvR3PSrdRBb/1Vy2YfzHqzvbhGIQpDRKIa4FgV/54b5Q1xYSxOOwKvjXweS26E0Q+nAMwp2pQ==",
      "license": "MIT",
      "dependencies": {
        "ansi-colors": "^4.1.1",
        "strip-ansi": "^6.0.1"
      },
      "engines": {
        "node": ">=8.6"
      }
    },
    "node_modules/epicshop": {
      "resolved": "../../packages/workshop-cli",
      "link": true
    },
    "node_modules/execa": {
      "version": "9.6.1",
      "resolved": "https://registry.npmjs.org/execa/-/execa-9.6.1.tgz",
      "integrity": "sha512-9Be3ZoN4LmYR90tUoVu2te2BsbzHfhJyfEiAVfz7N5/zv+jduIfLrV2xdQXOHbaD6KgpGdO9PRPM1Y4Q9QkPkA==",
      "license": "MIT",
      "dependencies": {
        "@sindresorhus/merge-streams": "^4.0.0",
        "cross-spawn": "^7.0.6",
        "figures": "^6.1.0",
        "get-stream": "^9.0.0",
        "human-signals": "^8.0.1",
        "is-plain-obj": "^4.1.0",
        "is-stream": "^4.0.1",
        "npm-run-path": "^6.0.0",
        "pretty-ms": "^9.2.0",
        "signal-exit": "^4.1.0",
        "strip-final-newline": "^4.0.0",
        "yoctocolors": "^2.1.1"
      },
      "engines": {
        "node": "^18.19.0 || >=20.5.0"
      },
      "funding": {
        "url": "https://github.com/sindresorhus/execa?sponsor=1"
      }
    },
    "node_modules/figures": {
      "version": "6.1.0",
      "resolved": "https://registry.npmjs.org/figures/-/figures-6.1.0.tgz",
      "integrity": "sha512-d+l3qxjSesT4V7v2fh+QnmFnUWv9lSpjarhShNTgBOfA0ttejbQUAlHLitbjkoRiDulW0OPoQPYIGhIC8ohejg==",
      "license": "MIT",
      "dependencies": {
        "is-unicode-supported": "^2.0.0"
      },
      "engines": {
        "node": ">=18"
      },
      "funding": {
        "url": "https://github.com/sponsors/sindresorhus"
      }
    },
    "node_modules/fs-extra": {
      "version": "11.3.3",
      "resolved": "https://registry.npmjs.org/fs-extra/-/fs-extra-11.3.3.tgz",
      "integrity": "sha512-VWSRii4t0AFm6ixFFmLLx1t7wS1gh+ckoa84aOeapGum0h+EZd1EhEumSB+ZdDLnEPuucsVB9oB7cxJHap6Afg==",
      "license": "MIT",
      "dependencies": {
        "graceful-fs": "^4.2.0",
        "jsonfile": "^6.0.1",
        "universalify": "^2.0.0"
      },
      "engines": {
        "node": ">=14.14"
      }
    },
    "node_modules/get-stream": {
      "version": "9.0.1",
      "resolved": "https://registry.npmjs.org/get-stream/-/get-stream-9.0.1.tgz",
      "integrity": "sha512-kVCxPF3vQM/N0B1PmoqVUqgHP+EeVjmZSQn+1oCRPxd2P21P2F19lIgbR3HBosbB1PUhOAoctJnfEn2GbN2eZA==",
      "license": "MIT",
      "dependencies": {
        "@sec-ant/readable-stream": "^0.4.1",
        "is-stream": "^4.0.1"
      },
      "engines": {
        "node": ">=18"
      },
      "funding": {
        "url": "https://github.com/sponsors/sindresorhus"
      }
    },
    "node_modules/graceful-fs": {
      "version": "4.2.11",
      "resolved": "https://registry.npmjs.org/graceful-fs/-/graceful-fs-4.2.11.tgz",
      "integrity": "sha512-RbJ5/jmFcNNCcDV5o9eTnBLJ/HszWV0P73bc+Ff4nS/rJj+YaS6IGyiOL0VoBYX+l1Wrl3k63h/KrH+nhJ0XvQ==",
      "license": "ISC"
    },
    "node_modules/human-signals": {
      "version": "8.0.1",
      "resolved": "https://registry.npmjs.org/human-signals/-/human-signals-8.0.1.tgz",
      "integrity": "sha512-eKCa6bwnJhvxj14kZk5NCPc6Hb6BdsU9DZcOnmQKSnO1VKrfV0zCvtttPZUsBvjmNDn8rpcJfpwSYnHBjc95MQ==",
      "license": "Apache-2.0",
      "engines": {
        "node": ">=18.18.0"
      }
    },
    "node_modules/is-plain-obj": {
      "version": "4.1.0",
      "resolved": "https://registry.npmjs.org/is-plain-obj/-/is-plain-obj-4.1.0.tgz",
      "integrity": "sha512-+Pgi+vMuUNkJyExiMBt5IlFoMyKnr5zhJ4Uspz58WOhBF5QoIZkFyNHIbBAtHwzVAgk5RtndVNsDRN61/mmDqg==",
      "license": "MIT",
      "engines": {
        "node": ">=12"
      },
      "funding": {
        "url": "https://github.com/sponsors/sindresorhus"
      }
    },
    "node_modules/is-stream": {
      "version": "4.0.1",
      "resolved": "https://registry.npmjs.org/is-stream/-/is-stream-4.0.1.tgz",
      "integrity": "sha512-Dnz92NInDqYckGEUJv689RbRiTSEHCQ7wOVeALbkOz999YpqT46yMRIGtSNl2iCL1waAZSx40+h59NV/EwzV/A==",
      "license": "MIT",
      "engines": {
        "node": ">=18"
      },
      "funding": {
        "url": "https://github.com/sponsors/sindresorhus"
      }
    },
    "node_modules/is-unicode-supported": {
      "version": "2.1.0",
      "resolved": "https://registry.npmjs.org/is-unicode-supported/-/is-unicode-supported-2.1.0.tgz",
      "integrity": "sha512-mE00Gnza5EEB3Ds0HfMyllZzbBrmLOX3vfWoj9A9PEnTfratQ/BcaJOuMhnkhjXvb2+FkY3VuHqtAGpTPmglFQ==",
      "license": "MIT",
      "engines": {
        "node": ">=18"
      },
      "funding": {
        "url": "https://github.com/sponsors/sindresorhus"
      }
    },
    "node_modules/isexe": {
      "version": "2.0.0",
      "resolved": "https://registry.npmjs.org/isexe/-/isexe-2.0.0.tgz",
      "integrity": "sha512-RHxMLp9lnKHGHRng9QFhRCMbYAcVpn69smSGcq3f36xjgVVWThj4qqLbTLlq7Ssj8B+fIQ1EuCEGI2lKsyQeIw==",
      "license": "ISC"
    },
    "node_modules/jsonfile": {
      "version": "6.2.0",
      "resolved": "https://registry.npmjs.org/jsonfile/-/jsonfile-6.2.0.tgz",
      "integrity": "sha512-FGuPw30AdOIUTRMC2OMRtQV+jkVj2cfPqSeWXv1NEAJ1qZ5zb1X6z1mFhbfOB/iy3ssJCD+3KuZ8r8C3uVFlAg==",
      "license": "MIT",
      "dependencies": {
        "universalify": "^2.0.0"
      },
      "optionalDependencies": {
        "graceful-fs": "^4.1.6"
      }
    },
    "node_modules/match-sorter": {
      "version": "8.2.0",
      "resolved": "https://registry.npmjs.org/match-sorter/-/match-sorter-8.2.0.tgz",
      "integrity": "sha512-qRVB7wYMJXizAWR4TKo5UYwgW7oAVzA8V9jve0wGzRvV91ou9dcqL+/2gJtD0PZ/Pm2Fq6cVT4VHXHmDFVMGRA==",
      "license": "MIT",
      "dependencies": {
        "@babel/runtime": "^7.23.8",
        "remove-accents": "0.5.0"
      }
    },
    "node_modules/npm-run-path": {
      "version": "6.0.0",
      "resolved": "https://registry.npmjs.org/npm-run-path/-/npm-run-path-6.0.0.tgz",
      "integrity": "sha512-9qny7Z9DsQU8Ou39ERsPU4OZQlSTP47ShQzuKZ6PRXpYLtIFgl/DEBYEXKlvcEa+9tHVcK8CF81Y2V72qaZhWA==",
      "license": "MIT",
      "dependencies": {
        "path-key": "^4.0.0",
        "unicorn-magic": "^0.3.0"
      },
      "engines": {
        "node": ">=18"
      },
      "funding": {
        "url": "https://github.com/sponsors/sindresorhus"
      }
    },
    "node_modules/npm-run-path/node_modules/path-key": {
      "version": "4.0.0",
      "resolved": "https://registry.npmjs.org/path-key/-/path-key-4.0.0.tgz",
      "integrity": "sha512-haREypq7xkM7ErfgIyA0z+Bj4AGKlMSdlQE2jvJo6huWD1EdkKYV+G/T4nq0YEF2vgTT8kqMFKo1uHn950r4SQ==",
      "license": "MIT",
      "engines": {
        "node": ">=12"
      },
      "funding": {
        "url": "https://github.com/sponsors/sindresorhus"
      }
    },
    "node_modules/p-limit": {
      "version": "7.2.0",
      "resolved": "https://registry.npmjs.org/p-limit/-/p-limit-7.2.0.tgz",
      "integrity": "sha512-ATHLtwoTNDloHRFFxFJdHnG6n2WUeFjaR8XQMFdKIv0xkXjrER8/iG9iu265jOM95zXHAfv9oTkqhrfbIzosrQ==",
      "license": "MIT",
      "dependencies": {
        "yocto-queue": "^1.2.1"
      },
      "engines": {
        "node": ">=20"
      },
      "funding": {
        "url": "https://github.com/sponsors/sindresorhus"
      }
    },
    "node_modules/parse-ms": {
      "version": "4.0.0",
      "resolved": "https://registry.npmjs.org/parse-ms/-/parse-ms-4.0.0.tgz",
      "integrity": "sha512-TXfryirbmq34y8QBwgqCVLi+8oA3oWx2eAnSn62ITyEhEYaWRlVZ2DvMM9eZbMs/RfxPu/PK/aBLyGj4IrqMHw==",
      "license": "MIT",
      "engines": {
        "node": ">=18"
      },
      "funding": {
        "url": "https://github.com/sponsors/sindresorhus"
      }
    },
    "node_modules/path-key": {
      "version": "3.1.1",
      "resolved": "https://registry.npmjs.org/path-key/-/path-key-3.1.1.tgz",
      "integrity": "sha512-ojmeN0qd+y0jszEtoY48r0Peq5dwMEkIlCOu6Q5f41lfkswXuKtYrhgoTpLnyIcHm24Uhqx+5Tqm2InSwLhE6Q==",
      "license": "MIT",
      "engines": {
        "node": ">=8"
      }
    },
    "node_modules/pretty-ms": {
      "version": "9.3.0",
      "resolved": "https://registry.npmjs.org/pretty-ms/-/pretty-ms-9.3.0.tgz",
      "integrity": "sha512-gjVS5hOP+M3wMm5nmNOucbIrqudzs9v/57bWRHQWLYklXqoXKrVfYW2W9+glfGsqtPgpiz5WwyEEB+ksXIx3gQ==",
      "license": "MIT",
      "dependencies": {
        "parse-ms": "^4.0.0"
      },
      "engines": {
        "node": ">=18"
      },
      "funding": {
        "url": "https://github.com/sponsors/sindresorhus"
      }
    },
    "node_modules/readdirp": {
      "version": "5.0.0",
      "resolved": "https://registry.npmjs.org/readdirp/-/readdirp-5.0.0.tgz",
      "integrity": "sha512-9u/XQ1pvrQtYyMpZe7DXKv2p5CNvyVwzUB6uhLAnQwHMSgKMBR62lc7AHljaeteeHXn11XTAaLLUVZYVZyuRBQ==",
      "license": "MIT",
      "engines": {
        "node": ">= 20.19.0"
      },
      "funding": {
        "type": "individual",
        "url": "https://paulmillr.com/funding/"
      }
    },
    "node_modules/remove-accents": {
      "version": "0.5.0",
      "resolved": "https://registry.npmjs.org/remove-accents/-/remove-accents-0.5.0.tgz",
      "integrity": "sha512-8g3/Otx1eJaVD12e31UbJj1YzdtVvzH85HV7t+9MJYk/u3XmkOUJ5Ys9wQrf9PCPK8+xn4ymzqYCiZl6QWKn+A==",
      "license": "MIT"
    },
    "node_modules/shebang-command": {
      "version": "2.0.0",
      "resolved": "https://registry.npmjs.org/shebang-command/-/shebang-command-2.0.0.tgz",
      "integrity": "sha512-kHxr2zZpYtdmrN1qDjrrX/Z1rR1kG8Dx+gkpK1G4eXmvXswmcE1hTWBWYUzlraYw1/yZp6YuDY77YtvbN0dmDA==",
      "license": "MIT",
      "dependencies": {
        "shebang-regex": "^3.0.0"
      },
      "engines": {
        "node": ">=8"
      }
    },
    "node_modules/shebang-regex": {
      "version": "3.0.0",
      "resolved": "https://registry.npmjs.org/shebang-regex/-/shebang-regex-3.0.0.tgz",
      "integrity": "sha512-7++dFhtcx3353uBaq8DDR4NuxBetBzC7ZQOhmTQInHEd6bSrXdiEyzCvG07Z44UYdLShWUyXt5M/yhz8ekcb1A==",
      "license": "MIT",
      "engines": {
        "node": ">=8"
      }
    },
    "node_modules/signal-exit": {
      "version": "4.1.0",
      "resolved": "https://registry.npmjs.org/signal-exit/-/signal-exit-4.1.0.tgz",
      "integrity": "sha512-bzyZ1e88w9O1iNJbKnOlvYTrWPDl46O1bG0D3XInv+9tkPrxrN8jUUTiFlDkkmKWgn1M6CfIA13SuGqOa9Korw==",
      "license": "ISC",
      "engines": {
        "node": ">=14"
      },
      "funding": {
        "url": "https://github.com/sponsors/isaacs"
      }
    },
    "node_modules/strip-ansi": {
      "version": "6.0.1",
      "resolved": "https://registry.npmjs.org/strip-ansi/-/strip-ansi-6.0.1.tgz",
      "integrity": "sha512-Y38VPSHcqkFrCpFnQ9vuSXmquuv5oXOKpGeT6aGrr3o3Gc9AlVa6JBfUSOCnbxGGZF+/0ooI7KrPuUSztUdU5A==",
      "license": "MIT",
      "dependencies": {
        "ansi-regex": "^5.0.1"
      },
      "engines": {
        "node": ">=8"
      }
    },
    "node_modules/strip-final-newline": {
      "version": "4.0.0",
      "resolved": "https://registry.npmjs.org/strip-final-newline/-/strip-final-newline-4.0.0.tgz",
      "integrity": "sha512-aulFJcD6YK8V1G7iRB5tigAP4TsHBZZrOV8pjV++zdUwmeV8uzbY7yn6h9MswN62adStNZFuCIx4haBnRuMDaw==",
      "license": "MIT",
      "engines": {
        "node": ">=18"
      },
      "funding": {
        "url": "https://github.com/sponsors/sindresorhus"
      }
    },
    "node_modules/unicorn-magic": {
      "version": "0.3.0",
      "resolved": "https://registry.npmjs.org/unicorn-magic/-/unicorn-magic-0.3.0.tgz",
      "integrity": "sha512-+QBBXBCvifc56fsbuxZQ6Sic3wqqc3WWaqxs58gvJrcOuN83HGTCwz3oS5phzU9LthRNE9VrJCFCLUgHeeFnfA==",
      "license": "MIT",
      "engines": {
        "node": ">=18"
      },
      "funding": {
        "url": "https://github.com/sponsors/sindresorhus"
      }
    },
    "node_modules/universalify": {
      "version": "2.0.1",
      "resolved": "https://registry.npmjs.org/universalify/-/universalify-2.0.1.tgz",
      "integrity": "sha512-gptHNQghINnc/vTGIk0SOFGFNXw7JVrlRUtConJRlvaw6DuX0wO5Jeko9sWrMBhh+PsYAZ7oXAiOnf/UKogyiw==",
      "license": "MIT",
      "engines": {
        "node": ">= 10.0.0"
      }
    },
    "node_modules/which": {
      "version": "2.0.2",
      "resolved": "https://registry.npmjs.org/which/-/which-2.0.2.tgz",
      "integrity": "sha512-BLI3Tl1TW3Pvl70l3yq3Y64i+awpwXqsGBYWkkqMtnbXgrMD+yj7rhW0kuEDxzJaYXGjEW5ogapKNMEKNMjibA==",
      "license": "ISC",
      "dependencies": {
        "isexe": "^2.0.0"
      },
      "bin": {
        "node-which": "bin/node-which"
      },
      "engines": {
        "node": ">= 8"
      }
    },
    "node_modules/yocto-queue": {
      "version": "1.2.2",
      "resolved": "https://registry.npmjs.org/yocto-queue/-/yocto-queue-1.2.2.tgz",
      "integrity": "sha512-4LCcse/U2MHZ63HAJVE+v71o7yOdIe4cZ70Wpf8D/IyjDKYQLV5GD46B+hSTjJsvV5PztjvHoU580EftxjDZFQ==",
      "license": "MIT",
      "engines": {
        "node": ">=12.20"
      },
      "funding": {
        "url": "https://github.com/sponsors/sindresorhus"
      }
    },
    "node_modules/yoctocolors": {
      "version": "2.1.2",
      "resolved": "https://registry.npmjs.org/yoctocolors/-/yoctocolors-2.1.2.tgz",
      "integrity": "sha512-CzhO+pFNo8ajLM2d2IW/R93ipy99LWjtwblvC1RsoSUMZgyLbYFr221TnSNT7GjGdYui6P459mw9JH/g/zW2ug==",
      "license": "MIT",
      "engines": {
        "node": ">=18"
      },
      "funding": {
        "url": "https://github.com/sponsors/sindresorhus"
      }
    }
  }
}
